{
    "_readme": [
        "This file locks the dependencies of your project to a known state",
        "Read more about it at https://getcomposer.org/doc/01-basic-usage.md#installing-dependencies",
        "This file is @generated automatically"
    ],
    "content-hash": "ed84768e081deaba670000a4fc5a7a14",
    "packages": [
        {
            "name": "kornrunner/keccak",
            "version": "dev-master",
            "source": {
                "type": "git",
                "url": "https://github.com/kornrunner/php-keccak.git",
                "reference": "c22f0e95c900d08d9a20f30122de948c73ba16c2"
            },
            "dist": {
                "type": "zip",
                "url": "https://api.github.com/repos/kornrunner/php-keccak/zipball/c22f0e95c900d08d9a20f30122de948c73ba16c2",
                "reference": "c22f0e95c900d08d9a20f30122de948c73ba16c2",
                "shasum": ""
            },
            "require": {
                "php": ">=7.3",
                "symfony/polyfill-mbstring": "^1.8"
            },
            "require-dev": {
                "phpunit/phpunit": "^9"
            },
            "default-branch": true,
            "type": "library",
            "autoload": {
                "psr-4": {
                    "kornrunner\\": "src"
                }
            },
            "notification-url": "https://packagist.org/downloads/",
            "license": [
                "MIT"
            ],
            "authors": [
                {
                    "name": "Boris Momcilovic",
                    "homepage": "https://github.com/kornrunner/php-keccak"
                }
            ],
            "description": "Pure PHP implementation of Keccak",
            "keywords": [
                "keccak",
                "sha-3",
                "sha3-256"
            ],
            "support": {
                "issues": "https://github.com/kornrunner/php-keccak/issues",
                "source": "https://github.com/kornrunner/php-keccak/tree/master"
            },
            "time": "2021-08-11T08:12:12+00:00"
        },
        {
            "name": "symfony/polyfill-mbstring",
            "version": "dev-main",
            "source": {
                "type": "git",
                "url": "https://github.com/symfony/polyfill-mbstring.git",
                "reference": "11b9acb5e8619aef6455735debf77dde8825795c"
            },
            "dist": {
                "type": "zip",
                "url": "https://api.github.com/repos/symfony/polyfill-mbstring/zipball/11b9acb5e8619aef6455735debf77dde8825795c",
                "reference": "11b9acb5e8619aef6455735debf77dde8825795c",
                "shasum": ""
            },
            "require": {
                "php": ">=7.1"
            },
            "provide": {
                "ext-mbstring": "*"
            },
            "suggest": {
                "ext-mbstring": "For best performance"
            },
            "default-branch": true,
            "type": "library",
            "extra": {
                "branch-alias": {
                    "dev-main": "1.23-dev"
                },
                "thanks": {
                    "name": "symfony/polyfill",
                    "url": "https://github.com/symfony/polyfill"
                }
            },
            "autoload": {
                "psr-4": {
                    "Symfony\\Polyfill\\Mbstring\\": ""
                },
                "files": [
                    "bootstrap.php"
                ]
            },
            "notification-url": "https://packagist.org/downloads/",
            "license": [
                "MIT"
            ],
            "authors": [
                {
                    "name": "Nicolas Grekas",
                    "email": "p@tchwork.com"
                },
                {
                    "name": "Symfony Community",
                    "homepage": "https://symfony.com/contributors"
                }
            ],
            "description": "Symfony polyfill for the Mbstring extension",
            "homepage": "https://symfony.com",
            "keywords": [
                "compatibility",
                "mbstring",
                "polyfill",
                "portable",
                "shim"
            ],
            "support": {
                "source": "https://github.com/symfony/polyfill-mbstring/tree/main"
            },
            "funding": [
                {
                    "url": "https://symfony.com/sponsor",
                    "type": "custom"
                },
                {
                    "url": "https://github.com/fabpot",
                    "type": "github"
                },
                {
                    "url": "https://tidelift.com/funding/github/packagist/symfony/symfony",
                    "type": "tidelift"
                }
            ],
            "time": "2021-10-20T20:35:02+00:00"
        }
    ],
    "packages-dev": [],
    "aliases": [],
    "minimum-stability": "dev",
    "stability-flags": {
        "kornrunner/keccak": 20
    },
    "prefer-stable": false,
    "prefer-lowest": false,
    "platform": {
        "php": "^8.0"
    },
    "platform-dev": [],
    "plugin-api-version": "2.0.0"
}
